dependencies:
- name: registry
  repository: file://../../../registry/charts/registry
  version: 0.0.1-beta.1
- name: gateway
  repository: file://../../../gateway/charts/gateway
  version: 0.0.1-beta.1
- name: k8s-operator
  repository: file://../../../operator/charts/k8s-operator
  version: 0.0.1-beta.1
digest: sha256:ccbe96fb38335a51e21629a1026e71201baa5878eb9cfc48a4a2802074d240c1
generated: "2026-09-04T18:08:40.9525259+05:30"
